{
  "nodes": {
    "cargo2nix": {
      "inputs": {
        "flake-compat": [
          "flake-compat"
        ],
        "flake-utils": [
          "flake-utils"
        ],
        "nixpkgs": [
          "nixpkgs"
        ],
        "rust-overlay": [
          "rust-overlay"
        ]
      },
      "locked": {
        "lastModified": 1655189312,
        "narHash": "sha256-gpJ57OgIebUpO+7F00VltxSEy6dz2x6HeJ5BcRM8rDA=",
        "owner": "cargo2nix",
        "repo": "cargo2nix",
        "rev": "c149357cc3d17f2849c73eb7a09d07a307cdcfe8",
        "type": "github"
      },
      "original": {
        "owner": "cargo2nix",
        "repo": "cargo2nix",
        "type": "github"
      }
    },
    "enarx": {
      "inputs": {
        "fenix": "fenix",
        "flake-compat": [
          "flake-compat"
        ],
        "flake-utils": [
          "flake-utils"
        ],
        "nixpkgs": [
          "nixpkgs"
        ]
      },
      "locked": {
        "lastModified": 1659346178,
        "narHash": "sha256-czZHGkWFpxvNatEnjJWTIfVc780wwqAwjh8y2X9rGgo=",
        "owner": "enarx",
        "repo": "enarx",
        "rev": "20629f05312728328d73c6637ac9130f20c60d87",
        "type": "github"
      },
      "original": {
        "owner": "enarx",
        "repo": "enarx",
        "type": "github"
      }
    },
    "fenix": {
      "inputs": {
        "nixpkgs": [
          "enarx",
          "nixpkgs"
        ],
        "rust-analyzer-src": "rust-analyzer-src"
      },
      "locked": {
        "lastModified": 1658212081,
        "narHash": "sha256-zy+sNlqK/yqmMpSzZUIp54OT1yet62r4AZcRR8HiITY=",
        "owner": "nix-community",
        "repo": "fenix",
        "rev": "69069698c3aa14fc211c66c6635c1e34f4d6b441",
        "type": "github"
      },
      "original": {
        "owner": "nix-community",
        "repo": "fenix",
        "type": "github"
      }
    },
    "flake-compat": {
      "flake": false,
      "locked": {
        "lastModified": 1650374568,
        "narHash": "sha256-Z+s0J8/r907g149rllvwhb4pKi8Wam5ij0st8PwAh+E=",
        "owner": "edolstra",
        "repo": "flake-compat",
        "rev": "b4a34015c698c7793d592d66adbab377907a2be8",
        "type": "github"
      },
      "original": {
        "owner": "edolstra",
        "repo": "flake-compat",
        "type": "github"
      }
    },
    "flake-utils": {
      "locked": {
        "lastModified": 1656928814,
        "narHash": "sha256-RIFfgBuKz6Hp89yRr7+NR5tzIAbn52h8vT6vXkYjZoM=",
        "owner": "numtide",
        "repo": "flake-utils",
        "rev": "7e2a3b3dfd9af950a856d66b0a7d01e3c18aa249",
        "type": "github"
      },
      "original": {
        "owner": "numtide",
        "repo": "flake-utils",
        "type": "github"
      }
    },
    "nixpkgs": {
      "locked": {
        "lastModified": 1657180868,
        "narHash": "sha256-pRGoBUIn35fa2ptlMiJ+0Tb4GhC0SQXMQLuIhIt7SHo=",
        "owner": "NixOS",
        "repo": "nixpkgs",
        "rev": "0c82c6d29482b4e08c264288e0a4bc14d5d84e8e",
        "type": "github"
      },
      "original": {
        "owner": "NixOS",
        "repo": "nixpkgs",
        "type": "github"
      }
    },
    "root": {
      "inputs": {
        "cargo2nix": "cargo2nix",
        "enarx": "enarx",
        "flake-compat": "flake-compat",
        "flake-utils": "flake-utils",
        "nixpkgs": "nixpkgs",
        "rust-overlay": "rust-overlay"
      }
    },
    "rust-analyzer-src": {
      "flake": false,
      "locked": {
        "lastModified": 1658182792,
        "narHash": "sha256-NOpxaEiFT9n7oSe02puqerKAt2VRsO8XtZ0Ra83JOOY=",
        "owner": "rust-lang",
        "repo": "rust-analyzer",
        "rev": "567a5e9ef7c753e03d528cbc19110db99e8d6878",
        "type": "github"
      },
      "original": {
        "owner": "rust-lang",
        "ref": "nightly",
        "repo": "rust-analyzer",
        "type": "github"
      }
    },
    "rust-overlay": {
      "inputs": {
        "flake-utils": [
          "flake-utils"
        ],
        "nixpkgs": [
          "nixpkgs"
        ]
      },
      "locked": {
        "lastModified": 1657162416,
        "narHash": "sha256-5HckhpteVHcb++qPFw8L9bHd/B1EAzQxDeAPXAKML70=",
        "owner": "oxalica",
        "repo": "rust-overlay",
        "rev": "b1b998b47b15bc5e18a1b364c9c4f145bb0a3931",
        "type": "github"
      },
      "original": {
        "owner": "oxalica",
        "repo": "rust-overlay",
        "type": "github"
      }
    }
  },
  "root": "root",
  "version": 7
}
